{
  "version": 4,
  "terraform_version": "1.4.6",
  "serial": 107,
  "lineage": "733d6355-659c-ec42-ff8a-d7e27727d750",
  "outputs": {
    "inventory": {
      "value": "\n[k8s-masters]\n172.190.218.24 ansible_ssh_host=172.190.218.24 ansible_ssh_port=22 ansible_ssh_user=azureuser ansible_ssh_private_key_file=../terraform/azure/azure.pem ansible_ssh_extra_args='-o StrictHostKeyChecking=no'\n\n[k8s-workers]\n172.190.218.63 ansible_ssh_host=172.190.218.63 ansible_ssh_port=22 ansible_ssh_user=azureuser ansible_ssh_private_key_file=../terraform/azure/azure.pem ansible_ssh_extra_args='-o StrictHostKeyChecking=no'\n172.190.218.57 ansible_ssh_host=172.190.218.57 ansible_ssh_port=22 ansible_ssh_user=azureuser ansible_ssh_private_key_file=../terraform/azure/azure.pem ansible_ssh_extra_args='-o StrictHostKeyChecking=no'",
      "type": "string"
    },
    "tls_private_key": {
      "value": "-----BEGIN RSA PRIVATE KEY-----\nMIIJKQIBAAKCAgEAs/Hkxbu/9YRFvHOAVcNFfRQYXlPTZA9D/LhGgNM/0ITnPIzN\nitsb7kKhwTtTUc6uOpAftyyhha2fP/Xeob/1Ku2ibpotng1uIa5vcXJQN7IElouk\nu4P1vQ21CcGWGfesJS28fBxbGtQzsd2Er/HVEFIMLDhsUEtElKafzSjAbxZPeAzI\n8xIa/sLmPa1dTEC/bSNFyr35IWUwc5eb4ZEICyESNqWJYJbvgntNAKuSVGYyZT61\nj6Nv+fYQdb4HiXvwwJ3Hq8/OtWpvUSZp5wxfN+ahVHU/US/dHw8SOzuqIiDAWHo5\nR96fQyM57IMrTpN4vCnx9H6Ug8T0WAPoXKcYBOSxpWTiEe1aEmSXq+DiHWXdf79A\nbN5Thi9hwuK/MpbG5Z9ffh7jRUfRiwtkkARrOFH5Hvq1TBwv5O/re3xSF7RA8hwt\nHXQXdKCRlRi6B33FOEk2lqmJkZSiK/OPzRkANAnRCdaSqb16OgxStIAxJNIdq3dr\n9oEkkZcN5XreVc8voYCxGt+g9aynoYAE655kmQiboRq/YjchUmZwveFJAY8B7wQh\nMoisdmr38Rodq9OcY6OK3gUG9tDl6VpRIerdchm+p7itOcJv+4WUY8rAS8F3aAe3\ngHP0JFOeTVTodI55fNXCNqRgVjW6aVs9naFKTfNacMEOAbT1vccr537YuOkCAwEA\nAQKCAgEAp+N2yS4lKZLh5bP19w6b1Nlc6xVW07KSgkYEMcnnbkux24Kbe4R3CNPO\nS5VoZZlqYWV60dKoWSrmvCxQLaYFvqm8tWjQSvjI2k//1l8LjQtg0H01k2bJbjxN\nvu6Jd2znhkCn7TwfnGaEXN0LIYWGfxWuGcwC8t9m+zKDQk1VTdAJET8Mdg1cdnmt\ni7ompDB86fzQ7xpUSN46WH8Jh2ljkc6nSaklBaONj7Yu4AM0Id7AAkqB56Rbo2H7\ndX95VML4mx4a36iheg32Eka+5D1c0bEysLQ8ASmhK4tKPU2rrO/VxjczHmUNPvys\n3Ih9bXCWYyjXgIBhXJf0SfJLZ7bW5plPesBNOv6ZhSvp7fQx5k4ubCAlIzEdhYy7\n+SMveDiWJmZ0hSA9vG8xCu1MWVHhCXJxyjfRynP4Q2hvS5rOJFcQdz1OY5f8Gwgo\nC9Pa0zuI83GTH2rZRDF037nS05/olYUunUKukNVUZJsC74hZK/8PP+GaYeLGNBh/\nSYeUZ2GadW1hebtK9gXNz4bl/yMU5t6IzFDCdXt37Bgqseu7LGkh50UnuxZZInT0\n8wNh4ayluiyTrxEZopM38HTUxw2lXwE+70dUAO9usUWIw1lBq7J4BxnOoowc/Ko3\nSUltUZ92XlvZGaQ722OMzpCscc+jdX5jSfk0cdxI3GCYO3aXnAECggEBANqFskuo\nCtzQuf9q2iEjKwgNAyzg19TrgQmYZG/Afu8OyZaNZS9S9Q73YwlgOfZUyNIpfJjx\nNhVnrn5e0XhXTfSaPkwuRpIieCxoN5kOmE03a+Y9S0oDd7BO6LKH7cItogChkEUD\n/t04boq6BlCxfupnhb375YHSiDXDN/3UEwKPof33brk/k6/nz01lxvk9MQy0gH8S\n2sILMQV6DPUCw8NS2XPtas76c1NKPHUJF1olWpJDaF6xr7k/nyMYUVbzPQPUwFVU\nAKlFbs3vPO9kIz6oYnXMNSeyXCqvDEjmMSUZLiyBU69b4MDmiK24p0hRFd4PjVzk\n6mUFm2MfQjD1ecECggEBANLOcY33/VGUNOCrdY6tqXV7ozzeBfe+bCXSdGH1/NA2\nHd/DFe0y5ZmEVBNeoeAOvB445uULStSFnP1bcfJjYBz2A5QV2IFptQTodotBduIg\nuxF2+ZtkCsqoA2mMHajH0CJOGlllymKzext58HsS8XDLrggJq5Lo3xdoS1cVb3aH\nxP98NQBndNMCMyikflySuEuvndWMMstRd1TTyDL/+sYOQS8s691ZLwTbjNYYM4RC\nw+S//wU+IGl9MdIdxwwN/hhKv5i5PV8AftmdqYpcHMVYSeoVccD3ph3y6lQ38Ni7\n7gXXJj17oXG+05E2ixnGLa8d9H78tSOyxXLGkYf8eSkCggEABJCQZeYvu+ccS4qW\n3eRXLMbgzxovSAJXYrTtPCxgOmwrp9pyR6fK+LIQPozlCRFCVKmLMcKwJ4hP69Hd\nPE9OkJJ8RKkezkSsD/lpV+gnJE3JEjkrjnM+F8++KqSOQeUkIjE9y0NHGqXoITu7\nkAn1Jb5d29ccNzcHo1/dlo7MitwnPR/jDzmVwzHrcalzm5c8pBBNMtpY+X60WnHv\nPVr+beEYK8TE22f96rp9QtCazUZEexOvZXL+wbbjgx8p69AO8TqLffzQOrj5lJGv\nyyxjVBa+X8mRPrAKHtYjQo6Ubjr1bPaSofIgYscuCbr2u5r+AvJ+OHeLseqJEWwA\nvPcTwQKCAQEAp7Nj0rT96PAmQLUmCCNPNA7vhXR6+uOZ1VzfCS9Pt7PVgDUKNHDR\nBpem6uHVlREjxkcuJ/gbx4WjpkohE9rKkz+DCUN3wTv+rbDg3Vdu4+V17Cbh2yRz\nEVUnoce9sI+EnEXV4FiB8JMn1GvlS4N+X2UpRWur+msXTt/BT73Vtk28AiMlZvTm\nkxak7Cgv/iUaR9uljETEA8sDS5BPK4NIVFbytDzgRm60YQDnwUnvccBLZqb2kY0i\n68iU4bqeppBbG6gbU7vJftI+F5C9VzyABt59rqLwo7pfhGPC1szJ5SFb8Xl/ClpX\nzM0qMdNaRV7K6QzDfGI9F/EX8n7VN4E6QQKCAQBk+EdlXQA2GvTBHzS6jEJoDhHb\nZiI0/jUTsx5if11/dza3sY/vabVh8QFbJOt0t2EopfYNOgumzrDhkTd32t6554Mp\nWhvmz6YYZaT5WJNzttNZDRZ8rrk+DLZrG+ISgFNdagN6XmhznITqb4Z+MKdeqxxo\nO1qSEDWntR0NbF0twnMhjjMHPg7ifvfzLuAxPCgvVn9U4BiagKoTWQssrMifWCjF\npXiyxIwhG+VcSPRCBCr86P89iHxp07M/F4r4hPOtYAb2EnnPEqu1KVr3tncnJ07j\nbuBFDDAScEmJM/yBMVgbQVfwXaGjB9id6+5zdq2MaYhu6JuKWAhVbcz9jBip\n-----END RSA PRIVATE KEY-----\n",
      "type": "string",
      "sensitive": true
    }
  },
  "resources": [
    {
      "mode": "data",
      "type": "template_file",
      "name": "inventory",
      "provider": "provider[\"registry.terraform.io/hashicorp/template\"]",
      "instances": [
        {
          "schema_version": 0,
          "attributes": {
            "filename": null,
            "id": "871b159b0c878d497a148579461a3fc64bfd8ad0a7689b41e47d4ce3ab4f0c2f",
            "rendered": "\n[k8s-masters]\n172.190.218.24 ansible_ssh_host=172.190.218.24 ansible_ssh_port=22 ansible_ssh_user=azureuser ansible_ssh_private_key_file=../terraform/azure/azure.pem ansible_ssh_extra_args='-o StrictHostKeyChecking=no'\n\n[k8s-workers]\n172.190.218.63 ansible_ssh_host=172.190.218.63 ansible_ssh_port=22 ansible_ssh_user=azureuser ansible_ssh_private_key_file=../terraform/azure/azure.pem ansible_ssh_extra_args='-o StrictHostKeyChecking=no'\n172.190.218.57 ansible_ssh_host=172.190.218.57 ansible_ssh_port=22 ansible_ssh_user=azureuser ansible_ssh_private_key_file=../terraform/azure/azure.pem ansible_ssh_extra_args='-o StrictHostKeyChecking=no'",
            "template": "\n[k8s-masters]\n${masters}\n\n[k8s-workers]\n${workers}",
            "vars": {
              "masters": "172.190.218.24 ansible_ssh_host=172.190.218.24 ansible_ssh_port=22 ansible_ssh_user=azureuser ansible_ssh_private_key_file=../terraform/azure/azure.pem ansible_ssh_extra_args='-o StrictHostKeyChecking=no'",
              "workers": "172.190.218.63 ansible_ssh_host=172.190.218.63 ansible_ssh_port=22 ansible_ssh_user=azureuser ansible_ssh_private_key_file=../terraform/azure/azure.pem ansible_ssh_extra_args='-o StrictHostKeyChecking=no'\n172.190.218.57 ansible_ssh_host=172.190.218.57 ansible_ssh_port=22 ansible_ssh_user=azureuser ansible_ssh_private_key_file=../terraform/azure/azure.pem ansible_ssh_extra_args='-o StrictHostKeyChecking=no'"
            }
          },
          "sensitive_attributes": []
        }
      ]
    },
    {
      "mode": "data",
      "type": "template_file",
      "name": "masters_ansible",
      "provider": "provider[\"registry.terraform.io/hashicorp/template\"]",
      "instances": [
        {
          "index_key": 0,
          "schema_version": 0,
          "attributes": {
            "filename": null,
            "id": "06e7ff457276d6b820ef254bbc0f5fec840f8c5a386f80f431b3a05be2fb3182",
            "rendered": "172.190.218.24 ansible_ssh_host=172.190.218.24 ansible_ssh_port=22 ansible_ssh_user=azureuser ansible_ssh_private_key_file=../terraform/azure/azure.pem ansible_ssh_extra_args='-o StrictHostKeyChecking=no'",
            "template": "${host} ansible_ssh_host=${host} ansible_ssh_port=22 ansible_ssh_user=azureuser ansible_ssh_private_key_file=../terraform/azure/azure.pem ansible_ssh_extra_args='-o StrictHostKeyChecking=no'",
            "vars": {
              "host": "172.190.218.24"
            }
          },
          "sensitive_attributes": []
        }
      ]
    },
    {
      "mode": "data",
      "type": "template_file",
      "name": "workers_ansible",
      "provider": "provider[\"registry.terraform.io/hashicorp/template\"]",
      "instances": [
        {
          "index_key": 0,
          "schema_version": 0,
          "attributes": {
            "filename": null,
            "id": "f1ee617f91e5998b6bd6d57c71d7dc3e8c7341fe33ff2280d7d7c4ab1e33fe38",
            "rendered": "172.190.218.63 ansible_ssh_host=172.190.218.63 ansible_ssh_port=22 ansible_ssh_user=azureuser ansible_ssh_private_key_file=../terraform/azure/azure.pem ansible_ssh_extra_args='-o StrictHostKeyChecking=no'",
            "template": "${host} ansible_ssh_host=${host} ansible_ssh_port=22 ansible_ssh_user=azureuser ansible_ssh_private_key_file=../terraform/azure/azure.pem ansible_ssh_extra_args='-o StrictHostKeyChecking=no'",
            "vars": {
              "host": "172.190.218.63"
            }
          },
          "sensitive_attributes": []
        },
        {
          "index_key": 1,
          "schema_version": 0,
          "attributes": {
            "filename": null,
            "id": "11f68bc584186efe97507ece954a72d032a6e3647ab6118cda5c1fcf4cdc0843",
            "rendered": "172.190.218.57 ansible_ssh_host=172.190.218.57 ansible_ssh_port=22 ansible_ssh_user=azureuser ansible_ssh_private_key_file=../terraform/azure/azure.pem ansible_ssh_extra_args='-o StrictHostKeyChecking=no'",
            "template": "${host} ansible_ssh_host=${host} ansible_ssh_port=22 ansible_ssh_user=azureuser ansible_ssh_private_key_file=../terraform/azure/azure.pem ansible_ssh_extra_args='-o StrictHostKeyChecking=no'",
            "vars": {
              "host": "172.190.218.57"
            }
          },
          "sensitive_attributes": []
        }
      ]
    },
    {
      "mode": "managed",
      "type": "azurerm_linux_virtual_machine",
      "name": "master",
      "provider": "provider[\"registry.terraform.io/hashicorp/azurerm\"]",
      "instances": [
        {
          "index_key": 0,
          "schema_version": 0,
          "attributes": {
            "additional_capabilities": [],
            "admin_password": null,
            "admin_ssh_key": [
              {
                "public_key": "ssh-rsa AAAAB3NzaC1yc2EAAAADAQABAAACAQCz8eTFu7/1hEW8c4BVw0V9FBheU9NkD0P8uEaA0z/QhOc8jM2K2xvuQqHBO1NRzq46kB+3LKGFrZ8/9d6hv/Uq7aJumi2eDW4hrm9xclA3sgSWi6S7g/W9DbUJwZYZ96wlLbx8HFsa1DOx3YSv8dUQUgwsOGxQS0SUpp/NKMBvFk94DMjzEhr+wuY9rV1MQL9tI0XKvfkhZTBzl5vhkQgLIRI2pYlglu+Ce00Aq5JUZjJlPrWPo2/59hB1vgeJe/DAncerz861am9RJmnnDF835qFUdT9RL90fDxI7O6oiIMBYejlH3p9DIznsgytOk3i8KfH0fpSDxPRYA+hcpxgE5LGlZOIR7VoSZJer4OIdZd1/v0Bs3lOGL2HC4r8ylsbln19+HuNFR9GLC2SQBGs4Ufke+rVMHC/k7+t7fFIXtEDyHC0ddBd0oJGVGLoHfcU4STaWqYmRlKIr84/NGQA0CdEJ1pKpvXo6DFK0gDEk0h2rd2v2gSSRlw3let5Vzy+hgLEa36D1rKehgATrnmSZCJuhGr9iNyFSZnC94UkBjwHvBCEyiKx2avfxGh2r05xjo4reBQb20OXpWlEh6t1yGb6nuK05wm/7hZRjysBLwXdoB7eAc/QkU55NVOh0jnl81cI2pGBWNbppWz2doUpN81pwwQ4BtPW9xyvnfti46Q==\n",
                "username": "azureuser"
              }
            ],
            "admin_username": "azureuser",
            "allow_extension_operations": true,
            "availability_set_id": "",
            "boot_diagnostics": [],
            "capacity_reservation_group_id": "",
            "computer_name": "acctvm-master0",
            "custom_data": null,
            "dedicated_host_group_id": "",
            "dedicated_host_id": "",
            "disable_password_authentication": true,
            "edge_zone": "",
            "encryption_at_host_enabled": false,
            "eviction_policy": "",
            "extensions_time_budget": "PT1H30M",
            "gallery_application": [],
            "id": "/subscriptions/393e3de3-0900-4b72-8f1b-fb3b1d6b97f1/resourceGroups/cmterranskube/providers/Microsoft.Compute/virtualMachines/acctvm-master0",
            "identity": [],
            "license_type": "",
            "location": "eastus",
            "max_bid_price": -1,
            "name": "acctvm-master0",
            "network_interface_ids": [
              "/subscriptions/393e3de3-0900-4b72-8f1b-fb3b1d6b97f1/resourceGroups/cmterranskube/providers/Microsoft.Network/networkInterfaces/acctni-master0"
            ],
            "os_disk": [
              {
                "caching": "ReadWrite",
                "diff_disk_settings": [],
                "disk_encryption_set_id": "",
                "disk_size_gb": 30,
                "name": "accdisk-master-0",
                "secure_vm_disk_encryption_set_id": "",
                "security_encryption_type": "",
                "storage_account_type": "Standard_LRS",
                "write_accelerator_enabled": false
              }
            ],
            "patch_assessment_mode": "ImageDefault",
            "patch_mode": "ImageDefault",
            "plan": [],
            "platform_fault_domain": -1,
            "priority": "Regular",
            "private_ip_address": "10.0.2.4",
            "private_ip_addresses": [
              "10.0.2.4"
            ],
            "provision_vm_agent": true,
            "proximity_placement_group_id": "",
            "public_ip_address": "172.190.218.24",
            "public_ip_addresses": [
              "172.190.218.24"
            ],
            "resource_group_name": "cmterranskube",
            "secret": [],
            "secure_boot_enabled": false,
            "size": "Standard_D2_v3",
            "source_image_id": "",
            "source_image_reference": [
              {
                "offer": "UbuntuServer",
                "publisher": "Canonical",
                "sku": "18.04-LTS",
                "version": "latest"
              }
            ],
            "tags": {
              "environment": "master"
            },
            "termination_notification": null,
            "timeouts": null,
            "user_data": "",
            "virtual_machine_id": "51dcfaf3-ea57-4124-960a-4fba0e574f49",
            "virtual_machine_scale_set_id": "",
            "vtpm_enabled": false,
            "zone": ""
          },
          "sensitive_attributes": [],
          "private": "eyJlMmJmYjczMC1lY2FhLTExZTYtOGY4OC0zNDM2M2JjN2M0YzAiOnsiY3JlYXRlIjoyNzAwMDAwMDAwMDAwLCJkZWxldGUiOjI3MDAwMDAwMDAwMDAsInJlYWQiOjMwMDAwMDAwMDAwMCwidXBkYXRlIjoyNzAwMDAwMDAwMDAwfX0=",
          "dependencies": [
            "azurerm_network_interface.master",
            "azurerm_public_ip.master",
            "azurerm_resource_group.azure-terraform",
            "azurerm_subnet.azure-terraform",
            "azurerm_virtual_network.azure-terraform",
            "tls_private_key.example_ssh"
          ]
        }
      ]
    },
    {
      "mode": "managed",
      "type": "azurerm_linux_virtual_machine",
      "name": "worker",
      "provider": "provider[\"registry.terraform.io/hashicorp/azurerm\"]",
      "instances": [
        {
          "index_key": 0,
          "schema_version": 0,
          "attributes": {
            "additional_capabilities": [],
            "admin_password": null,
            "admin_ssh_key": [
              {
                "public_key": "ssh-rsa AAAAB3NzaC1yc2EAAAADAQABAAACAQCz8eTFu7/1hEW8c4BVw0V9FBheU9NkD0P8uEaA0z/QhOc8jM2K2xvuQqHBO1NRzq46kB+3LKGFrZ8/9d6hv/Uq7aJumi2eDW4hrm9xclA3sgSWi6S7g/W9DbUJwZYZ96wlLbx8HFsa1DOx3YSv8dUQUgwsOGxQS0SUpp/NKMBvFk94DMjzEhr+wuY9rV1MQL9tI0XKvfkhZTBzl5vhkQgLIRI2pYlglu+Ce00Aq5JUZjJlPrWPo2/59hB1vgeJe/DAncerz861am9RJmnnDF835qFUdT9RL90fDxI7O6oiIMBYejlH3p9DIznsgytOk3i8KfH0fpSDxPRYA+hcpxgE5LGlZOIR7VoSZJer4OIdZd1/v0Bs3lOGL2HC4r8ylsbln19+HuNFR9GLC2SQBGs4Ufke+rVMHC/k7+t7fFIXtEDyHC0ddBd0oJGVGLoHfcU4STaWqYmRlKIr84/NGQA0CdEJ1pKpvXo6DFK0gDEk0h2rd2v2gSSRlw3let5Vzy+hgLEa36D1rKehgATrnmSZCJuhGr9iNyFSZnC94UkBjwHvBCEyiKx2avfxGh2r05xjo4reBQb20OXpWlEh6t1yGb6nuK05wm/7hZRjysBLwXdoB7eAc/QkU55NVOh0jnl81cI2pGBWNbppWz2doUpN81pwwQ4BtPW9xyvnfti46Q==\n",
                "username": "azureuser"
              }
            ],
            "admin_username": "azureuser",
            "allow_extension_operations": true,
            "availability_set_id": "",
            "boot_diagnostics": [],
            "capacity_reservation_group_id": "",
            "computer_name": "acctvm-worker0",
            "custom_data": null,
            "dedicated_host_group_id": "",
            "dedicated_host_id": "",
            "disable_password_authentication": true,
            "edge_zone": "",
            "encryption_at_host_enabled": false,
            "eviction_policy": "",
            "extensions_time_budget": "PT1H30M",
            "gallery_application": [],
            "id": "/subscriptions/393e3de3-0900-4b72-8f1b-fb3b1d6b97f1/resourceGroups/cmterranskube/providers/Microsoft.Compute/virtualMachines/acctvm-worker0",
            "identity": [],
            "license_type": "",
            "location": "eastus",
            "max_bid_price": -1,
            "name": "acctvm-worker0",
            "network_interface_ids": [
              "/subscriptions/393e3de3-0900-4b72-8f1b-fb3b1d6b97f1/resourceGroups/cmterranskube/providers/Microsoft.Network/networkInterfaces/acctni-worker0"
            ],
            "os_disk": [
              {
                "caching": "ReadWrite",
                "diff_disk_settings": [],
                "disk_encryption_set_id": "",
                "disk_size_gb": 30,
                "name": "accdisk-worker-0",
                "secure_vm_disk_encryption_set_id": "",
                "security_encryption_type": "",
                "storage_account_type": "Standard_LRS",
                "write_accelerator_enabled": false
              }
            ],
            "patch_assessment_mode": "ImageDefault",
            "patch_mode": "ImageDefault",
            "plan": [],
            "platform_fault_domain": -1,
            "priority": "Regular",
            "private_ip_address": "10.0.2.5",
            "private_ip_addresses": [
              "10.0.2.5"
            ],
            "provision_vm_agent": true,
            "proximity_placement_group_id": "",
            "public_ip_address": "172.190.218.63",
            "public_ip_addresses": [
              "172.190.218.63"
            ],
            "resource_group_name": "cmterranskube",
            "secret": [],
            "secure_boot_enabled": false,
            "size": "Standard_D2_v3",
            "source_image_id": "",
            "source_image_reference": [
              {
                "offer": "UbuntuServer",
                "publisher": "Canonical",
                "sku": "18.04-LTS",
                "version": "latest"
              }
            ],
            "tags": {
              "environment": "worker"
            },
            "termination_notification": null,
            "timeouts": null,
            "user_data": "",
            "virtual_machine_id": "abc56af2-1681-4c52-b18c-996a860139e7",
            "virtual_machine_scale_set_id": "",
            "vtpm_enabled": false,
            "zone": ""
          },
          "sensitive_attributes": [],
          "private": "eyJlMmJmYjczMC1lY2FhLTExZTYtOGY4OC0zNDM2M2JjN2M0YzAiOnsiY3JlYXRlIjoyNzAwMDAwMDAwMDAwLCJkZWxldGUiOjI3MDAwMDAwMDAwMDAsInJlYWQiOjMwMDAwMDAwMDAwMCwidXBkYXRlIjoyNzAwMDAwMDAwMDAwfX0=",
          "dependencies": [
            "azurerm_network_interface.worker",
            "azurerm_public_ip.worker",
            "azurerm_resource_group.azure-terraform",
            "azurerm_subnet.azure-terraform",
            "azurerm_virtual_network.azure-terraform",
            "tls_private_key.example_ssh"
          ]
        },
        {
          "index_key": 1,
          "schema_version": 0,
          "attributes": {
            "additional_capabilities": [],
            "admin_password": null,
            "admin_ssh_key": [
              {
                "public_key": "ssh-rsa AAAAB3NzaC1yc2EAAAADAQABAAACAQCz8eTFu7/1hEW8c4BVw0V9FBheU9NkD0P8uEaA0z/QhOc8jM2K2xvuQqHBO1NRzq46kB+3LKGFrZ8/9d6hv/Uq7aJumi2eDW4hrm9xclA3sgSWi6S7g/W9DbUJwZYZ96wlLbx8HFsa1DOx3YSv8dUQUgwsOGxQS0SUpp/NKMBvFk94DMjzEhr+wuY9rV1MQL9tI0XKvfkhZTBzl5vhkQgLIRI2pYlglu+Ce00Aq5JUZjJlPrWPo2/59hB1vgeJe/DAncerz861am9RJmnnDF835qFUdT9RL90fDxI7O6oiIMBYejlH3p9DIznsgytOk3i8KfH0fpSDxPRYA+hcpxgE5LGlZOIR7VoSZJer4OIdZd1/v0Bs3lOGL2HC4r8ylsbln19+HuNFR9GLC2SQBGs4Ufke+rVMHC/k7+t7fFIXtEDyHC0ddBd0oJGVGLoHfcU4STaWqYmRlKIr84/NGQA0CdEJ1pKpvXo6DFK0gDEk0h2rd2v2gSSRlw3let5Vzy+hgLEa36D1rKehgATrnmSZCJuhGr9iNyFSZnC94UkBjwHvBCEyiKx2avfxGh2r05xjo4reBQb20OXpWlEh6t1yGb6nuK05wm/7hZRjysBLwXdoB7eAc/QkU55NVOh0jnl81cI2pGBWNbppWz2doUpN81pwwQ4BtPW9xyvnfti46Q==\n",
                "username": "azureuser"
              }
            ],
            "admin_username": "azureuser",
            "allow_extension_operations": true,
            "availability_set_id": "",
            "boot_diagnostics": [],
            "capacity_reservation_group_id": "",
            "computer_name": "acctvm-worker1",
            "custom_data": null,
            "dedicated_host_group_id": "",
            "dedicated_host_id": "",
            "disable_password_authentication": true,
            "edge_zone": "",
            "encryption_at_host_enabled": false,
            "eviction_policy": "",
            "extensions_time_budget": "PT1H30M",
            "gallery_application": [],
            "id": "/subscriptions/393e3de3-0900-4b72-8f1b-fb3b1d6b97f1/resourceGroups/cmterranskube/providers/Microsoft.Compute/virtualMachines/acctvm-worker1",
            "identity": [],
            "license_type": "",
            "location": "eastus",
            "max_bid_price": -1,
            "name": "acctvm-worker1",
            "network_interface_ids": [
              "/subscriptions/393e3de3-0900-4b72-8f1b-fb3b1d6b97f1/resourceGroups/cmterranskube/providers/Microsoft.Network/networkInterfaces/acctni-worker1"
            ],
            "os_disk": [
              {
                "caching": "ReadWrite",
                "diff_disk_settings": [],
                "disk_encryption_set_id": "",
                "disk_size_gb": 30,
                "name": "accdisk-worker-1",
                "secure_vm_disk_encryption_set_id": "",
                "security_encryption_type": "",
                "storage_account_type": "Standard_LRS",
                "write_accelerator_enabled": false
              }
            ],
            "patch_assessment_mode": "ImageDefault",
            "patch_mode": "ImageDefault",
            "plan": [],
            "platform_fault_domain": -1,
            "priority": "Regular",
            "private_ip_address": "10.0.2.6",
            "private_ip_addresses": [
              "10.0.2.6"
            ],
            "provision_vm_agent": true,
            "proximity_placement_group_id": "",
            "public_ip_address": "172.190.218.57",
            "public_ip_addresses": [
              "172.190.218.57"
            ],
            "resource_group_name": "cmterranskube",
            "secret": [],
            "secure_boot_enabled": false,
            "size": "Standard_D2_v3",
            "source_image_id": "",
            "source_image_reference": [
              {
                "offer": "UbuntuServer",
                "publisher": "Canonical",
                "sku": "18.04-LTS",
                "version": "latest"
              }
            ],
            "tags": {
              "environment": "worker"
            },
            "termination_notification": null,
            "timeouts": null,
            "user_data": "",
            "virtual_machine_id": "03f4ef70-efee-48fe-a306-11bf100a4774",
            "virtual_machine_scale_set_id": "",
            "vtpm_enabled": false,
            "zone": ""
          },
          "sensitive_attributes": [],
          "private": "eyJlMmJmYjczMC1lY2FhLTExZTYtOGY4OC0zNDM2M2JjN2M0YzAiOnsiY3JlYXRlIjoyNzAwMDAwMDAwMDAwLCJkZWxldGUiOjI3MDAwMDAwMDAwMDAsInJlYWQiOjMwMDAwMDAwMDAwMCwidXBkYXRlIjoyNzAwMDAwMDAwMDAwfX0=",
          "dependencies": [
            "azurerm_network_interface.worker",
            "azurerm_public_ip.worker",
            "azurerm_resource_group.azure-terraform",
            "azurerm_subnet.azure-terraform",
            "azurerm_virtual_network.azure-terraform",
            "tls_private_key.example_ssh"
          ]
        }
      ]
    },
    {
      "mode": "managed",
      "type": "azurerm_managed_disk",
      "name": "master",
      "provider": "provider[\"registry.terraform.io/hashicorp/azurerm\"]",
      "instances": [
        {
          "index_key": 0,
          "schema_version": 1,
          "attributes": {
            "create_option": "Empty",
            "disk_access_id": "",
            "disk_encryption_set_id": "",
            "disk_iops_read_only": 0,
            "disk_iops_read_write": 500,
            "disk_mbps_read_only": 0,
            "disk_mbps_read_write": 60,
            "disk_size_gb": 1023,
            "edge_zone": "",
            "encryption_settings": [],
            "gallery_image_reference_id": "",
            "hyper_v_generation": "",
            "id": "/subscriptions/393e3de3-0900-4b72-8f1b-fb3b1d6b97f1/resourceGroups/cmterranskube/providers/Microsoft.Compute/disks/datadisk_existing-master_0",
            "image_reference_id": "",
            "location": "eastus",
            "logical_sector_size": null,
            "max_shares": 0,
            "name": "datadisk_existing-master_0",
            "network_access_policy": null,
            "on_demand_bursting_enabled": false,
            "os_type": "",
            "public_network_access_enabled": true,
            "resource_group_name": "cmterranskube",
            "secure_vm_disk_encryption_set_id": "",
            "security_type": "",
            "source_resource_id": "",
            "source_uri": "",
            "storage_account_id": "",
            "storage_account_type": "Standard_LRS",
            "tags": null,
            "tier": "",
            "timeouts": null,
            "trusted_launch_enabled": false,
            "upload_size_bytes": 0,
            "zone": ""
          },
          "sensitive_attributes": [],
          "private": "eyJlMmJmYjczMC1lY2FhLTExZTYtOGY4OC0zNDM2M2JjN2M0YzAiOnsiY3JlYXRlIjoxODAwMDAwMDAwMDAwLCJkZWxldGUiOjE4MDAwMDAwMDAwMDAsInJlYWQiOjMwMDAwMDAwMDAwMCwidXBkYXRlIjoxODAwMDAwMDAwMDAwfSwic2NoZW1hX3ZlcnNpb24iOiIxIn0=",
          "dependencies": [
            "azurerm_resource_group.azure-terraform"
          ]
        }
      ]
    },
    {
      "mode": "managed",
      "type": "azurerm_managed_disk",
      "name": "worker",
      "provider": "provider[\"registry.terraform.io/hashicorp/azurerm\"]",
      "instances": [
        {
          "index_key": 0,
          "schema_version": 1,
          "attributes": {
            "create_option": "Empty",
            "disk_access_id": "",
            "disk_encryption_set_id": "",
            "disk_iops_read_only": 0,
            "disk_iops_read_write": 500,
            "disk_mbps_read_only": 0,
            "disk_mbps_read_write": 60,
            "disk_size_gb": 1023,
            "edge_zone": "",
            "encryption_settings": [],
            "gallery_image_reference_id": "",
            "hyper_v_generation": "",
            "id": "/subscriptions/393e3de3-0900-4b72-8f1b-fb3b1d6b97f1/resourceGroups/cmterranskube/providers/Microsoft.Compute/disks/datadisk_existing-worker_0",
            "image_reference_id": "",
            "location": "eastus",
            "logical_sector_size": null,
            "max_shares": 0,
            "name": "datadisk_existing-worker_0",
            "network_access_policy": null,
            "on_demand_bursting_enabled": false,
            "os_type": "",
            "public_network_access_enabled": true,
            "resource_group_name": "cmterranskube",
            "secure_vm_disk_encryption_set_id": "",
            "security_type": "",
            "source_resource_id": "",
            "source_uri": "",
            "storage_account_id": "",
            "storage_account_type": "Standard_LRS",
            "tags": null,
            "tier": "",
            "timeouts": null,
            "trusted_launch_enabled": false,
            "upload_size_bytes": 0,
            "zone": ""
          },
          "sensitive_attributes": [],
          "private": "eyJlMmJmYjczMC1lY2FhLTExZTYtOGY4OC0zNDM2M2JjN2M0YzAiOnsiY3JlYXRlIjoxODAwMDAwMDAwMDAwLCJkZWxldGUiOjE4MDAwMDAwMDAwMDAsInJlYWQiOjMwMDAwMDAwMDAwMCwidXBkYXRlIjoxODAwMDAwMDAwMDAwfSwic2NoZW1hX3ZlcnNpb24iOiIxIn0=",
          "dependencies": [
            "azurerm_resource_group.azure-terraform"
          ]
        },
        {
          "index_key": 1,
          "schema_version": 1,
          "attributes": {
            "create_option": "Empty",
            "disk_access_id": "",
            "disk_encryption_set_id": "",
            "disk_iops_read_only": 0,
            "disk_iops_read_write": 500,
            "disk_mbps_read_only": 0,
            "disk_mbps_read_write": 60,
            "disk_size_gb": 1023,
            "edge_zone": "",
            "encryption_settings": [],
            "gallery_image_reference_id": "",
            "hyper_v_generation": "",
            "id": "/subscriptions/393e3de3-0900-4b72-8f1b-fb3b1d6b97f1/resourceGroups/cmterranskube/providers/Microsoft.Compute/disks/datadisk_existing-worker_1",
            "image_reference_id": "",
            "location": "eastus",
            "logical_sector_size": null,
            "max_shares": 0,
            "name": "datadisk_existing-worker_1",
            "network_access_policy": null,
            "on_demand_bursting_enabled": false,
            "os_type": "",
            "public_network_access_enabled": true,
            "resource_group_name": "cmterranskube",
            "secure_vm_disk_encryption_set_id": "",
            "security_type": "",
            "source_resource_id": "",
            "source_uri": "",
            "storage_account_id": "",
            "storage_account_type": "Standard_LRS",
            "tags": null,
            "tier": "",
            "timeouts": null,
            "trusted_launch_enabled": false,
            "upload_size_bytes": 0,
            "zone": ""
          },
          "sensitive_attributes": [],
          "private": "eyJlMmJmYjczMC1lY2FhLTExZTYtOGY4OC0zNDM2M2JjN2M0YzAiOnsiY3JlYXRlIjoxODAwMDAwMDAwMDAwLCJkZWxldGUiOjE4MDAwMDAwMDAwMDAsInJlYWQiOjMwMDAwMDAwMDAwMCwidXBkYXRlIjoxODAwMDAwMDAwMDAwfSwic2NoZW1hX3ZlcnNpb24iOiIxIn0=",
          "dependencies": [
            "azurerm_resource_group.azure-terraform"
          ]
        }
      ]
    },
    {
      "mode": "managed",
      "type": "azurerm_network_interface",
      "name": "master",
      "provider": "provider[\"registry.terraform.io/hashicorp/azurerm\"]",
      "instances": [
        {
          "index_key": 0,
          "schema_version": 0,
          "attributes": {
            "applied_dns_servers": [],
            "dns_servers": [],
            "edge_zone": "",
            "enable_accelerated_networking": false,
            "enable_ip_forwarding": false,
            "id": "/subscriptions/393e3de3-0900-4b72-8f1b-fb3b1d6b97f1/resourceGroups/cmterranskube/providers/Microsoft.Network/networkInterfaces/acctni-master0",
            "internal_dns_name_label": "",
            "internal_domain_name_suffix": "xrvaeexfsbae3mxfsj5cfrif1a.bx.internal.cloudapp.net",
            "ip_configuration": [
              {
                "gateway_load_balancer_frontend_ip_configuration_id": "",
                "name": "testConfiguration",
                "primary": true,
                "private_ip_address": "10.0.2.4",
                "private_ip_address_allocation": "Dynamic",
                "private_ip_address_version": "IPv4",
                "public_ip_address_id": "/subscriptions/393e3de3-0900-4b72-8f1b-fb3b1d6b97f1/resourceGroups/cmterranskube/providers/Microsoft.Network/publicIPAddresses/accpublicIP-master0",
                "subnet_id": "/subscriptions/393e3de3-0900-4b72-8f1b-fb3b1d6b97f1/resourceGroups/cmterranskube/providers/Microsoft.Network/virtualNetworks/acctvn/subnets/acctsub"
              }
            ],
            "location": "eastus",
            "mac_address": "",
            "name": "acctni-master0",
            "private_ip_address": "10.0.2.4",
            "private_ip_addresses": [
              "10.0.2.4"
            ],
            "resource_group_name": "cmterranskube",
            "tags": null,
            "timeouts": null,
            "virtual_machine_id": ""
          },
          "sensitive_attributes": [],
          "private": "eyJlMmJmYjczMC1lY2FhLTExZTYtOGY4OC0zNDM2M2JjN2M0YzAiOnsiY3JlYXRlIjoxODAwMDAwMDAwMDAwLCJkZWxldGUiOjE4MDAwMDAwMDAwMDAsInJlYWQiOjMwMDAwMDAwMDAwMCwidXBkYXRlIjoxODAwMDAwMDAwMDAwfX0=",
          "dependencies": [
            "azurerm_public_ip.master",
            "azurerm_resource_group.azure-terraform",
            "azurerm_subnet.azure-terraform",
            "azurerm_virtual_network.azure-terraform"
          ]
        }
      ]
    },
    {
      "mode": "managed",
      "type": "azurerm_network_interface",
      "name": "worker",
      "provider": "provider[\"registry.terraform.io/hashicorp/azurerm\"]",
      "instances": [
        {
          "index_key": 0,
          "schema_version": 0,
          "attributes": {
            "applied_dns_servers": [],
            "dns_servers": [],
            "edge_zone": "",
            "enable_accelerated_networking": false,
            "enable_ip_forwarding": false,
            "id": "/subscriptions/393e3de3-0900-4b72-8f1b-fb3b1d6b97f1/resourceGroups/cmterranskube/providers/Microsoft.Network/networkInterfaces/acctni-worker0",
            "internal_dns_name_label": "",
            "internal_domain_name_suffix": "xrvaeexfsbae3mxfsj5cfrif1a.bx.internal.cloudapp.net",
            "ip_configuration": [
              {
                "gateway_load_balancer_frontend_ip_configuration_id": "",
                "name": "testConfiguration",
                "primary": true,
                "private_ip_address": "10.0.2.5",
                "private_ip_address_allocation": "Dynamic",
                "private_ip_address_version": "IPv4",
                "public_ip_address_id": "/subscriptions/393e3de3-0900-4b72-8f1b-fb3b1d6b97f1/resourceGroups/cmterranskube/providers/Microsoft.Network/publicIPAddresses/accpublicIP-worker0",
                "subnet_id": "/subscriptions/393e3de3-0900-4b72-8f1b-fb3b1d6b97f1/resourceGroups/cmterranskube/providers/Microsoft.Network/virtualNetworks/acctvn/subnets/acctsub"
              }
            ],
            "location": "eastus",
            "mac_address": "",
            "name": "acctni-worker0",
            "private_ip_address": "10.0.2.5",
            "private_ip_addresses": [
              "10.0.2.5"
            ],
            "resource_group_name": "cmterranskube",
            "tags": null,
            "timeouts": null,
            "virtual_machine_id": ""
          },
          "sensitive_attributes": [],
          "private": "eyJlMmJmYjczMC1lY2FhLTExZTYtOGY4OC0zNDM2M2JjN2M0YzAiOnsiY3JlYXRlIjoxODAwMDAwMDAwMDAwLCJkZWxldGUiOjE4MDAwMDAwMDAwMDAsInJlYWQiOjMwMDAwMDAwMDAwMCwidXBkYXRlIjoxODAwMDAwMDAwMDAwfX0=",
          "dependencies": [
            "azurerm_public_ip.worker",
            "azurerm_resource_group.azure-terraform",
            "azurerm_subnet.azure-terraform",
            "azurerm_virtual_network.azure-terraform"
          ]
        },
        {
          "index_key": 1,
          "schema_version": 0,
          "attributes": {
            "applied_dns_servers": [],
            "dns_servers": [],
            "edge_zone": "",
            "enable_accelerated_networking": false,
            "enable_ip_forwarding": false,
            "id": "/subscriptions/393e3de3-0900-4b72-8f1b-fb3b1d6b97f1/resourceGroups/cmterranskube/providers/Microsoft.Network/networkInterfaces/acctni-worker1",
            "internal_dns_name_label": "",
            "internal_domain_name_suffix": "xrvaeexfsbae3mxfsj5cfrif1a.bx.internal.cloudapp.net",
            "ip_configuration": [
              {
                "gateway_load_balancer_frontend_ip_configuration_id": "",
                "name": "testConfiguration",
                "primary": true,
                "private_ip_address": "10.0.2.6",
                "private_ip_address_allocation": "Dynamic",
                "private_ip_address_version": "IPv4",
                "public_ip_address_id": "/subscriptions/393e3de3-0900-4b72-8f1b-fb3b1d6b97f1/resourceGroups/cmterranskube/providers/Microsoft.Network/publicIPAddresses/accpublicIP-worker1",
                "subnet_id": "/subscriptions/393e3de3-0900-4b72-8f1b-fb3b1d6b97f1/resourceGroups/cmterranskube/providers/Microsoft.Network/virtualNetworks/acctvn/subnets/acctsub"
              }
            ],
            "location": "eastus",
            "mac_address": "",
            "name": "acctni-worker1",
            "private_ip_address": "10.0.2.6",
            "private_ip_addresses": [
              "10.0.2.6"
            ],
            "resource_group_name": "cmterranskube",
            "tags": null,
            "timeouts": null,
            "virtual_machine_id": ""
          },
          "sensitive_attributes": [],
          "private": "eyJlMmJmYjczMC1lY2FhLTExZTYtOGY4OC0zNDM2M2JjN2M0YzAiOnsiY3JlYXRlIjoxODAwMDAwMDAwMDAwLCJkZWxldGUiOjE4MDAwMDAwMDAwMDAsInJlYWQiOjMwMDAwMDAwMDAwMCwidXBkYXRlIjoxODAwMDAwMDAwMDAwfX0=",
          "dependencies": [
            "azurerm_public_ip.worker",
            "azurerm_resource_group.azure-terraform",
            "azurerm_subnet.azure-terraform",
            "azurerm_virtual_network.azure-terraform"
          ]
        }
      ]
    },
    {
      "mode": "managed",
      "type": "azurerm_public_ip",
      "name": "master",
      "provider": "provider[\"registry.terraform.io/hashicorp/azurerm\"]",
      "instances": [
        {
          "index_key": 0,
          "schema_version": 0,
          "attributes": {
            "allocation_method": "Dynamic",
            "ddos_protection_mode": "VirtualNetworkInherited",
            "ddos_protection_plan_id": null,
            "domain_name_label": null,
            "edge_zone": "",
            "fqdn": null,
            "id": "/subscriptions/393e3de3-0900-4b72-8f1b-fb3b1d6b97f1/resourceGroups/cmterranskube/providers/Microsoft.Network/publicIPAddresses/accpublicIP-master0",
            "idle_timeout_in_minutes": 4,
            "ip_address": "",
            "ip_tags": null,
            "ip_version": "IPv4",
            "location": "eastus",
            "name": "accpublicIP-master0",
            "public_ip_prefix_id": null,
            "resource_group_name": "cmterranskube",
            "reverse_fqdn": null,
            "sku": "Basic",
            "sku_tier": "Regional",
            "tags": null,
            "timeouts": null,
            "zones": null
          },
          "sensitive_attributes": [],
          "private": "eyJlMmJmYjczMC1lY2FhLTExZTYtOGY4OC0zNDM2M2JjN2M0YzAiOnsiY3JlYXRlIjoxODAwMDAwMDAwMDAwLCJkZWxldGUiOjE4MDAwMDAwMDAwMDAsInJlYWQiOjMwMDAwMDAwMDAwMCwidXBkYXRlIjoxODAwMDAwMDAwMDAwfX0=",
          "dependencies": [
            "azurerm_resource_group.azure-terraform"
          ]
        }
      ]
    },
    {
      "mode": "managed",
      "type": "azurerm_public_ip",
      "name": "worker",
      "provider": "provider[\"registry.terraform.io/hashicorp/azurerm\"]",
      "instances": [
        {
          "index_key": 0,
          "schema_version": 0,
          "attributes": {
            "allocation_method": "Dynamic",
            "ddos_protection_mode": "VirtualNetworkInherited",
            "ddos_protection_plan_id": null,
            "domain_name_label": null,
            "edge_zone": "",
            "fqdn": null,
            "id": "/subscriptions/393e3de3-0900-4b72-8f1b-fb3b1d6b97f1/resourceGroups/cmterranskube/providers/Microsoft.Network/publicIPAddresses/accpublicIP-worker0",
            "idle_timeout_in_minutes": 4,
            "ip_address": "",
            "ip_tags": null,
            "ip_version": "IPv4",
            "location": "eastus",
            "name": "accpublicIP-worker0",
            "public_ip_prefix_id": null,
            "resource_group_name": "cmterranskube",
            "reverse_fqdn": null,
            "sku": "Basic",
            "sku_tier": "Regional",
            "tags": null,
            "timeouts": null,
            "zones": null
          },
          "sensitive_attributes": [],
          "private": "eyJlMmJmYjczMC1lY2FhLTExZTYtOGY4OC0zNDM2M2JjN2M0YzAiOnsiY3JlYXRlIjoxODAwMDAwMDAwMDAwLCJkZWxldGUiOjE4MDAwMDAwMDAwMDAsInJlYWQiOjMwMDAwMDAwMDAwMCwidXBkYXRlIjoxODAwMDAwMDAwMDAwfX0=",
          "dependencies": [
            "azurerm_resource_group.azure-terraform"
          ]
        },
        {
          "index_key": 1,
          "schema_version": 0,
          "attributes": {
            "allocation_method": "Dynamic",
            "ddos_protection_mode": "VirtualNetworkInherited",
            "ddos_protection_plan_id": null,
            "domain_name_label": null,
            "edge_zone": "",
            "fqdn": null,
            "id": "/subscriptions/393e3de3-0900-4b72-8f1b-fb3b1d6b97f1/resourceGroups/cmterranskube/providers/Microsoft.Network/publicIPAddresses/accpublicIP-worker1",
            "idle_timeout_in_minutes": 4,
            "ip_address": "",
            "ip_tags": null,
            "ip_version": "IPv4",
            "location": "eastus",
            "name": "accpublicIP-worker1",
            "public_ip_prefix_id": null,
            "resource_group_name": "cmterranskube",
            "reverse_fqdn": null,
            "sku": "Basic",
            "sku_tier": "Regional",
            "tags": null,
            "timeouts": null,
            "zones": null
          },
          "sensitive_attributes": [],
          "private": "eyJlMmJmYjczMC1lY2FhLTExZTYtOGY4OC0zNDM2M2JjN2M0YzAiOnsiY3JlYXRlIjoxODAwMDAwMDAwMDAwLCJkZWxldGUiOjE4MDAwMDAwMDAwMDAsInJlYWQiOjMwMDAwMDAwMDAwMCwidXBkYXRlIjoxODAwMDAwMDAwMDAwfX0=",
          "dependencies": [
            "azurerm_resource_group.azure-terraform"
          ]
        }
      ]
    },
    {
      "mode": "managed",
      "type": "azurerm_resource_group",
      "name": "azure-terraform",
      "provider": "provider[\"registry.terraform.io/hashicorp/azurerm\"]",
      "instances": [
        {
          "schema_version": 0,
          "attributes": {
            "id": "/subscriptions/393e3de3-0900-4b72-8f1b-fb3b1d6b97f1/resourceGroups/cmterranskube",
            "location": "eastus",
            "managed_by": "",
            "name": "cmterranskube",
            "tags": null,
            "timeouts": null
          },
          "sensitive_attributes": [],
          "private": "eyJlMmJmYjczMC1lY2FhLTExZTYtOGY4OC0zNDM2M2JjN2M0YzAiOnsiY3JlYXRlIjo1NDAwMDAwMDAwMDAwLCJkZWxldGUiOjU0MDAwMDAwMDAwMDAsInJlYWQiOjMwMDAwMDAwMDAwMCwidXBkYXRlIjo1NDAwMDAwMDAwMDAwfX0="
        }
      ]
    },
    {
      "mode": "managed",
      "type": "azurerm_subnet",
      "name": "azure-terraform",
      "provider": "provider[\"registry.terraform.io/hashicorp/azurerm\"]",
      "instances": [
        {
          "schema_version": 0,
          "attributes": {
            "address_prefixes": [
              "10.0.2.0/24"
            ],
            "delegation": [],
            "enforce_private_link_endpoint_network_policies": false,
            "enforce_private_link_service_network_policies": false,
            "id": "/subscriptions/393e3de3-0900-4b72-8f1b-fb3b1d6b97f1/resourceGroups/cmterranskube/providers/Microsoft.Network/virtualNetworks/acctvn/subnets/acctsub",
            "name": "acctsub",
            "private_endpoint_network_policies_enabled": true,
            "private_link_service_network_policies_enabled": true,
            "resource_group_name": "cmterranskube",
            "service_endpoint_policy_ids": null,
            "service_endpoints": null,
            "timeouts": null,
            "virtual_network_name": "acctvn"
          },
          "sensitive_attributes": [],
          "private": "eyJlMmJmYjczMC1lY2FhLTExZTYtOGY4OC0zNDM2M2JjN2M0YzAiOnsiY3JlYXRlIjoxODAwMDAwMDAwMDAwLCJkZWxldGUiOjE4MDAwMDAwMDAwMDAsInJlYWQiOjMwMDAwMDAwMDAwMCwidXBkYXRlIjoxODAwMDAwMDAwMDAwfX0=",
          "dependencies": [
            "azurerm_resource_group.azure-terraform",
            "azurerm_virtual_network.azure-terraform"
          ]
        }
      ]
    },
    {
      "mode": "managed",
      "type": "azurerm_virtual_network",
      "name": "azure-terraform",
      "provider": "provider[\"registry.terraform.io/hashicorp/azurerm\"]",
      "instances": [
        {
          "schema_version": 0,
          "attributes": {
            "address_space": [
              "10.0.0.0/16"
            ],
            "bgp_community": "",
            "ddos_protection_plan": [],
            "dns_servers": [],
            "edge_zone": "",
            "flow_timeout_in_minutes": 0,
            "guid": "12026abc-90e5-4e40-b2e5-927e22c505d8",
            "id": "/subscriptions/393e3de3-0900-4b72-8f1b-fb3b1d6b97f1/resourceGroups/cmterranskube/providers/Microsoft.Network/virtualNetworks/acctvn",
            "location": "eastus",
            "name": "acctvn",
            "resource_group_name": "cmterranskube",
            "subnet": [],
            "tags": null,
            "timeouts": null
          },
          "sensitive_attributes": [],
          "private": "eyJlMmJmYjczMC1lY2FhLTExZTYtOGY4OC0zNDM2M2JjN2M0YzAiOnsiY3JlYXRlIjoxODAwMDAwMDAwMDAwLCJkZWxldGUiOjE4MDAwMDAwMDAwMDAsInJlYWQiOjMwMDAwMDAwMDAwMCwidXBkYXRlIjoxODAwMDAwMDAwMDAwfX0=",
          "dependencies": [
            "azurerm_resource_group.azure-terraform"
          ]
        }
      ]
    },
    {
      "mode": "managed",
      "type": "tls_private_key",
      "name": "example_ssh",
      "provider": "provider[\"registry.terraform.io/hashicorp/tls\"]",
      "instances": [
        {
          "schema_version": 1,
          "attributes": {
            "algorithm": "RSA",
            "ecdsa_curve": "P224",
            "id": "d2def8c039dac17514b5ab0b34776f1511f3adb6",
            "private_key_openssh": "-----BEGIN OPENSSH PRIVATE KEY-----\nb3BlbnNzaC1rZXktdjEAAAAABG5vbmUAAAAEbm9uZQAAAAAAAAABAAACFwAAAAdz\nc2gtcnNhAAAAAwEAAQAAAgEAs/Hkxbu/9YRFvHOAVcNFfRQYXlPTZA9D/LhGgNM/\n0ITnPIzNitsb7kKhwTtTUc6uOpAftyyhha2fP/Xeob/1Ku2ibpotng1uIa5vcXJQ\nN7IElouku4P1vQ21CcGWGfesJS28fBxbGtQzsd2Er/HVEFIMLDhsUEtElKafzSjA\nbxZPeAzI8xIa/sLmPa1dTEC/bSNFyr35IWUwc5eb4ZEICyESNqWJYJbvgntNAKuS\nVGYyZT61j6Nv+fYQdb4HiXvwwJ3Hq8/OtWpvUSZp5wxfN+ahVHU/US/dHw8SOzuq\nIiDAWHo5R96fQyM57IMrTpN4vCnx9H6Ug8T0WAPoXKcYBOSxpWTiEe1aEmSXq+Di\nHWXdf79AbN5Thi9hwuK/MpbG5Z9ffh7jRUfRiwtkkARrOFH5Hvq1TBwv5O/re3xS\nF7RA8hwtHXQXdKCRlRi6B33FOEk2lqmJkZSiK/OPzRkANAnRCdaSqb16OgxStIAx\nJNIdq3dr9oEkkZcN5XreVc8voYCxGt+g9aynoYAE655kmQiboRq/YjchUmZwveFJ\nAY8B7wQhMoisdmr38Rodq9OcY6OK3gUG9tDl6VpRIerdchm+p7itOcJv+4WUY8rA\nS8F3aAe3gHP0JFOeTVTodI55fNXCNqRgVjW6aVs9naFKTfNacMEOAbT1vccr537Y\nuOkAAAc4YdwttWHcLbUAAAAHc3NoLXJzYQAAAgEAs/Hkxbu/9YRFvHOAVcNFfRQY\nXlPTZA9D/LhGgNM/0ITnPIzNitsb7kKhwTtTUc6uOpAftyyhha2fP/Xeob/1Ku2i\nbpotng1uIa5vcXJQN7IElouku4P1vQ21CcGWGfesJS28fBxbGtQzsd2Er/HVEFIM\nLDhsUEtElKafzSjAbxZPeAzI8xIa/sLmPa1dTEC/bSNFyr35IWUwc5eb4ZEICyES\nNqWJYJbvgntNAKuSVGYyZT61j6Nv+fYQdb4HiXvwwJ3Hq8/OtWpvUSZp5wxfN+ah\nVHU/US/dHw8SOzuqIiDAWHo5R96fQyM57IMrTpN4vCnx9H6Ug8T0WAPoXKcYBOSx\npWTiEe1aEmSXq+DiHWXdf79AbN5Thi9hwuK/MpbG5Z9ffh7jRUfRiwtkkARrOFH5\nHvq1TBwv5O/re3xSF7RA8hwtHXQXdKCRlRi6B33FOEk2lqmJkZSiK/OPzRkANAnR\nCdaSqb16OgxStIAxJNIdq3dr9oEkkZcN5XreVc8voYCxGt+g9aynoYAE655kmQib\noRq/YjchUmZwveFJAY8B7wQhMoisdmr38Rodq9OcY6OK3gUG9tDl6VpRIerdchm+\np7itOcJv+4WUY8rAS8F3aAe3gHP0JFOeTVTodI55fNXCNqRgVjW6aVs9naFKTfNa\ncMEOAbT1vccr537YuOkAAAADAQABAAACAQCn43bJLiUpkuHls/X3DpvU2VzrFVbT\nspKCRgQxyeduS7Hbgpt7hHcI085LlWhlmWphZXrR0qhZKua8LFAtpgW+qby1aNBK\n+MjaT//WXwuNC2DQfTWTZsluPE2+7ol3bOeGQKftPB+cZoRc3QshhYZ/Fa4ZzALy\n32b7MoNCTVVN0AkRPwx2DVx2ea2LuiakMHzp/NDvGlRI3jpYfwmHaWORzqdJqSUF\no42Pti7gAzQh3sACSoHnpFujYft1f3lUwvibHhrfqKF6DfYSRr7kPVzRsTKwtDwB\nKaEri0o9Taus79XGNzMeZQ0+/KzciH1tcJZjKNeAgGFcl/RJ8ktnttbmmU96wE06\n/pmFK+nt9DHmTi5sICUjMR2FjLv5Iy94OJYmZnSFID28bzEK7UxZUeEJcnHKN9HK\nc/hDaG9Lms4kVxB3PU5jl/wbCCgL09rTO4jzcZMfatlEMXTfudLTn+iVhS6dQq6Q\n1VRkmwLviFkr/w8/4Zph4sY0GH9Jh5RnYZp1bWF5u0r2Bc3PhuX/IxTm3ojMUMJ1\ne3fsGCqx67ssaSHnRSe7FlkidPTzA2HhrKW6LJOvERmikzfwdNTHDaVfAT7vR1QA\n726xRYjDWUGrsngHGc6ijBz8qjdJSW1Rn3ZeW9kZpDvbY4zOkKxxz6N1fmNJ+TRx\n3EjcYJg7dpecAQAAAQBk+EdlXQA2GvTBHzS6jEJoDhHbZiI0/jUTsx5if11/dza3\nsY/vabVh8QFbJOt0t2EopfYNOgumzrDhkTd32t6554MpWhvmz6YYZaT5WJNzttNZ\nDRZ8rrk+DLZrG+ISgFNdagN6XmhznITqb4Z+MKdeqxxoO1qSEDWntR0NbF0twnMh\njjMHPg7ifvfzLuAxPCgvVn9U4BiagKoTWQssrMifWCjFpXiyxIwhG+VcSPRCBCr8\n6P89iHxp07M/F4r4hPOtYAb2EnnPEqu1KVr3tncnJ07jbuBFDDAScEmJM/yBMVgb\nQVfwXaGjB9id6+5zdq2MaYhu6JuKWAhVbcz9jBipAAABAQDahbJLqArc0Ln/atoh\nIysIDQMs4NfU64EJmGRvwH7vDsmWjWUvUvUO92MJYDn2VMjSKXyY8TYVZ65+XtF4\nV030mj5MLkaSIngsaDeZDphNN2vmPUtKA3ewTuiyh+3CLaIAoZBFA/7dOG6KugZQ\nsX7qZ4W9++WB0og1wzf91BMCj6H99265P5Ov589NZcb5PTEMtIB/EtrCCzEFegz1\nAsPDUtlz7WrO+nNTSjx1CRdaJVqSQ2hesa+5P58jGFFW8z0D1MBVVACpRW7N7zzv\nZCM+qGJ1zDUnslwqrwxI5jElGS4sgVOvW+DA5oituKdIURXeD41c5OplBZtjH0Iw\n9XnBAAABAQDSznGN9/1RlDTgq3WOral1e6M83gX3vmwl0nRh9fzQNh3fwxXtMuWZ\nhFQTXqHgDrweOOblC0rUhZz9W3HyY2Ac9gOUFdiBabUE6HaLQXbiILsRdvmbZArK\nqANpjB2ox9AiThpZZcpis3sbefB7EvFwy64ICauS6N8XaEtXFW92h8T/fDUAZ3TT\nAjMopH5ckrhLr53VjDLLUXdU08gy//rGDkEvLOvdWS8E24zWGDOEQsPkv/8FPiBp\nfTHSHccMDf4YSr+YuT1fAH7ZnamKXBzFWEnqFXHA96Yd8upUN/DYu+4F1yY9e6Fx\nvtORNosZxi2vHfR+/LUjssVyxpGH/HkpAAAAAAEC\n-----END OPENSSH PRIVATE KEY-----\n",
            "private_key_pem": "-----BEGIN RSA PRIVATE KEY-----\nMIIJKQIBAAKCAgEAs/Hkxbu/9YRFvHOAVcNFfRQYXlPTZA9D/LhGgNM/0ITnPIzN\nitsb7kKhwTtTUc6uOpAftyyhha2fP/Xeob/1Ku2ibpotng1uIa5vcXJQN7IElouk\nu4P1vQ21CcGWGfesJS28fBxbGtQzsd2Er/HVEFIMLDhsUEtElKafzSjAbxZPeAzI\n8xIa/sLmPa1dTEC/bSNFyr35IWUwc5eb4ZEICyESNqWJYJbvgntNAKuSVGYyZT61\nj6Nv+fYQdb4HiXvwwJ3Hq8/OtWpvUSZp5wxfN+ahVHU/US/dHw8SOzuqIiDAWHo5\nR96fQyM57IMrTpN4vCnx9H6Ug8T0WAPoXKcYBOSxpWTiEe1aEmSXq+DiHWXdf79A\nbN5Thi9hwuK/MpbG5Z9ffh7jRUfRiwtkkARrOFH5Hvq1TBwv5O/re3xSF7RA8hwt\nHXQXdKCRlRi6B33FOEk2lqmJkZSiK/OPzRkANAnRCdaSqb16OgxStIAxJNIdq3dr\n9oEkkZcN5XreVc8voYCxGt+g9aynoYAE655kmQiboRq/YjchUmZwveFJAY8B7wQh\nMoisdmr38Rodq9OcY6OK3gUG9tDl6VpRIerdchm+p7itOcJv+4WUY8rAS8F3aAe3\ngHP0JFOeTVTodI55fNXCNqRgVjW6aVs9naFKTfNacMEOAbT1vccr537YuOkCAwEA\nAQKCAgEAp+N2yS4lKZLh5bP19w6b1Nlc6xVW07KSgkYEMcnnbkux24Kbe4R3CNPO\nS5VoZZlqYWV60dKoWSrmvCxQLaYFvqm8tWjQSvjI2k//1l8LjQtg0H01k2bJbjxN\nvu6Jd2znhkCn7TwfnGaEXN0LIYWGfxWuGcwC8t9m+zKDQk1VTdAJET8Mdg1cdnmt\ni7ompDB86fzQ7xpUSN46WH8Jh2ljkc6nSaklBaONj7Yu4AM0Id7AAkqB56Rbo2H7\ndX95VML4mx4a36iheg32Eka+5D1c0bEysLQ8ASmhK4tKPU2rrO/VxjczHmUNPvys\n3Ih9bXCWYyjXgIBhXJf0SfJLZ7bW5plPesBNOv6ZhSvp7fQx5k4ubCAlIzEdhYy7\n+SMveDiWJmZ0hSA9vG8xCu1MWVHhCXJxyjfRynP4Q2hvS5rOJFcQdz1OY5f8Gwgo\nC9Pa0zuI83GTH2rZRDF037nS05/olYUunUKukNVUZJsC74hZK/8PP+GaYeLGNBh/\nSYeUZ2GadW1hebtK9gXNz4bl/yMU5t6IzFDCdXt37Bgqseu7LGkh50UnuxZZInT0\n8wNh4ayluiyTrxEZopM38HTUxw2lXwE+70dUAO9usUWIw1lBq7J4BxnOoowc/Ko3\nSUltUZ92XlvZGaQ722OMzpCscc+jdX5jSfk0cdxI3GCYO3aXnAECggEBANqFskuo\nCtzQuf9q2iEjKwgNAyzg19TrgQmYZG/Afu8OyZaNZS9S9Q73YwlgOfZUyNIpfJjx\nNhVnrn5e0XhXTfSaPkwuRpIieCxoN5kOmE03a+Y9S0oDd7BO6LKH7cItogChkEUD\n/t04boq6BlCxfupnhb375YHSiDXDN/3UEwKPof33brk/k6/nz01lxvk9MQy0gH8S\n2sILMQV6DPUCw8NS2XPtas76c1NKPHUJF1olWpJDaF6xr7k/nyMYUVbzPQPUwFVU\nAKlFbs3vPO9kIz6oYnXMNSeyXCqvDEjmMSUZLiyBU69b4MDmiK24p0hRFd4PjVzk\n6mUFm2MfQjD1ecECggEBANLOcY33/VGUNOCrdY6tqXV7ozzeBfe+bCXSdGH1/NA2\nHd/DFe0y5ZmEVBNeoeAOvB445uULStSFnP1bcfJjYBz2A5QV2IFptQTodotBduIg\nuxF2+ZtkCsqoA2mMHajH0CJOGlllymKzext58HsS8XDLrggJq5Lo3xdoS1cVb3aH\nxP98NQBndNMCMyikflySuEuvndWMMstRd1TTyDL/+sYOQS8s691ZLwTbjNYYM4RC\nw+S//wU+IGl9MdIdxwwN/hhKv5i5PV8AftmdqYpcHMVYSeoVccD3ph3y6lQ38Ni7\n7gXXJj17oXG+05E2ixnGLa8d9H78tSOyxXLGkYf8eSkCggEABJCQZeYvu+ccS4qW\n3eRXLMbgzxovSAJXYrTtPCxgOmwrp9pyR6fK+LIQPozlCRFCVKmLMcKwJ4hP69Hd\nPE9OkJJ8RKkezkSsD/lpV+gnJE3JEjkrjnM+F8++KqSOQeUkIjE9y0NHGqXoITu7\nkAn1Jb5d29ccNzcHo1/dlo7MitwnPR/jDzmVwzHrcalzm5c8pBBNMtpY+X60WnHv\nPVr+beEYK8TE22f96rp9QtCazUZEexOvZXL+wbbjgx8p69AO8TqLffzQOrj5lJGv\nyyxjVBa+X8mRPrAKHtYjQo6Ubjr1bPaSofIgYscuCbr2u5r+AvJ+OHeLseqJEWwA\nvPcTwQKCAQEAp7Nj0rT96PAmQLUmCCNPNA7vhXR6+uOZ1VzfCS9Pt7PVgDUKNHDR\nBpem6uHVlREjxkcuJ/gbx4WjpkohE9rKkz+DCUN3wTv+rbDg3Vdu4+V17Cbh2yRz\nEVUnoce9sI+EnEXV4FiB8JMn1GvlS4N+X2UpRWur+msXTt/BT73Vtk28AiMlZvTm\nkxak7Cgv/iUaR9uljETEA8sDS5BPK4NIVFbytDzgRm60YQDnwUnvccBLZqb2kY0i\n68iU4bqeppBbG6gbU7vJftI+F5C9VzyABt59rqLwo7pfhGPC1szJ5SFb8Xl/ClpX\nzM0qMdNaRV7K6QzDfGI9F/EX8n7VN4E6QQKCAQBk+EdlXQA2GvTBHzS6jEJoDhHb\nZiI0/jUTsx5if11/dza3sY/vabVh8QFbJOt0t2EopfYNOgumzrDhkTd32t6554Mp\nWhvmz6YYZaT5WJNzttNZDRZ8rrk+DLZrG+ISgFNdagN6XmhznITqb4Z+MKdeqxxo\nO1qSEDWntR0NbF0twnMhjjMHPg7ifvfzLuAxPCgvVn9U4BiagKoTWQssrMifWCjF\npXiyxIwhG+VcSPRCBCr86P89iHxp07M/F4r4hPOtYAb2EnnPEqu1KVr3tncnJ07j\nbuBFDDAScEmJM/yBMVgbQVfwXaGjB9id6+5zdq2MaYhu6JuKWAhVbcz9jBip\n-----END RSA PRIVATE KEY-----\n",
            "private_key_pem_pkcs8": "-----BEGIN PRIVATE KEY-----\nMIIJQwIBADANBgkqhkiG9w0BAQEFAASCCS0wggkpAgEAAoICAQCz8eTFu7/1hEW8\nc4BVw0V9FBheU9NkD0P8uEaA0z/QhOc8jM2K2xvuQqHBO1NRzq46kB+3LKGFrZ8/\n9d6hv/Uq7aJumi2eDW4hrm9xclA3sgSWi6S7g/W9DbUJwZYZ96wlLbx8HFsa1DOx\n3YSv8dUQUgwsOGxQS0SUpp/NKMBvFk94DMjzEhr+wuY9rV1MQL9tI0XKvfkhZTBz\nl5vhkQgLIRI2pYlglu+Ce00Aq5JUZjJlPrWPo2/59hB1vgeJe/DAncerz861am9R\nJmnnDF835qFUdT9RL90fDxI7O6oiIMBYejlH3p9DIznsgytOk3i8KfH0fpSDxPRY\nA+hcpxgE5LGlZOIR7VoSZJer4OIdZd1/v0Bs3lOGL2HC4r8ylsbln19+HuNFR9GL\nC2SQBGs4Ufke+rVMHC/k7+t7fFIXtEDyHC0ddBd0oJGVGLoHfcU4STaWqYmRlKIr\n84/NGQA0CdEJ1pKpvXo6DFK0gDEk0h2rd2v2gSSRlw3let5Vzy+hgLEa36D1rKeh\ngATrnmSZCJuhGr9iNyFSZnC94UkBjwHvBCEyiKx2avfxGh2r05xjo4reBQb20OXp\nWlEh6t1yGb6nuK05wm/7hZRjysBLwXdoB7eAc/QkU55NVOh0jnl81cI2pGBWNbpp\nWz2doUpN81pwwQ4BtPW9xyvnfti46QIDAQABAoICAQCn43bJLiUpkuHls/X3DpvU\n2VzrFVbTspKCRgQxyeduS7Hbgpt7hHcI085LlWhlmWphZXrR0qhZKua8LFAtpgW+\nqby1aNBK+MjaT//WXwuNC2DQfTWTZsluPE2+7ol3bOeGQKftPB+cZoRc3QshhYZ/\nFa4ZzALy32b7MoNCTVVN0AkRPwx2DVx2ea2LuiakMHzp/NDvGlRI3jpYfwmHaWOR\nzqdJqSUFo42Pti7gAzQh3sACSoHnpFujYft1f3lUwvibHhrfqKF6DfYSRr7kPVzR\nsTKwtDwBKaEri0o9Taus79XGNzMeZQ0+/KzciH1tcJZjKNeAgGFcl/RJ8ktnttbm\nmU96wE06/pmFK+nt9DHmTi5sICUjMR2FjLv5Iy94OJYmZnSFID28bzEK7UxZUeEJ\ncnHKN9HKc/hDaG9Lms4kVxB3PU5jl/wbCCgL09rTO4jzcZMfatlEMXTfudLTn+iV\nhS6dQq6Q1VRkmwLviFkr/w8/4Zph4sY0GH9Jh5RnYZp1bWF5u0r2Bc3PhuX/IxTm\n3ojMUMJ1e3fsGCqx67ssaSHnRSe7FlkidPTzA2HhrKW6LJOvERmikzfwdNTHDaVf\nAT7vR1QA726xRYjDWUGrsngHGc6ijBz8qjdJSW1Rn3ZeW9kZpDvbY4zOkKxxz6N1\nfmNJ+TRx3EjcYJg7dpecAQKCAQEA2oWyS6gK3NC5/2raISMrCA0DLODX1OuBCZhk\nb8B+7w7Jlo1lL1L1DvdjCWA59lTI0il8mPE2FWeufl7ReFdN9Jo+TC5GkiJ4LGg3\nmQ6YTTdr5j1LSgN3sE7osoftwi2iAKGQRQP+3ThuiroGULF+6meFvfvlgdKINcM3\n/dQTAo+h/fduuT+Tr+fPTWXG+T0xDLSAfxLawgsxBXoM9QLDw1LZc+1qzvpzU0o8\ndQkXWiVakkNoXrGvuT+fIxhRVvM9A9TAVVQAqUVuze8872QjPqhidcw1J7JcKq8M\nSOYxJRkuLIFTr1vgwOaIrbinSFEV3g+NXOTqZQWbYx9CMPV5wQKCAQEA0s5xjff9\nUZQ04Kt1jq2pdXujPN4F975sJdJ0YfX80DYd38MV7TLlmYRUE16h4A68Hjjm5QtK\n1IWc/Vtx8mNgHPYDlBXYgWm1BOh2i0F24iC7EXb5m2QKyqgDaYwdqMfQIk4aWWXK\nYrN7G3nwexLxcMuuCAmrkujfF2hLVxVvdofE/3w1AGd00wIzKKR+XJK4S6+d1Ywy\ny1F3VNPIMv/6xg5BLyzr3VkvBNuM1hgzhELD5L//BT4gaX0x0h3HDA3+GEq/mLk9\nXwB+2Z2pilwcxVhJ6hVxwPemHfLqVDfw2LvuBdcmPXuhcb7TkTaLGcYtrx30fvy1\nI7LFcsaRh/x5KQKCAQAEkJBl5i+75xxLipbd5FcsxuDPGi9IAlditO08LGA6bCun\n2nJHp8r4shA+jOUJEUJUqYsxwrAniE/r0d08T06QknxEqR7ORKwP+WlX6CckTckS\nOSuOcz4Xz74qpI5B5SQiMT3LQ0capeghO7uQCfUlvl3b1xw3NwejX92WjsyK3Cc9\nH+MPOZXDMetxqXOblzykEE0y2lj5frRace89Wv5t4RgrxMTbZ/3qun1C0JrNRkR7\nE69lcv7BtuODHynr0A7xOot9/NA6uPmUka/LLGNUFr5fyZE+sAoe1iNCjpRuOvVs\n9pKh8iBixy4Juva7mv4C8n44d4ux6okRbAC89xPBAoIBAQCns2PStP3o8CZAtSYI\nI080Du+FdHr645nVXN8JL0+3s9WANQo0cNEGl6bq4dWVESPGRy4n+BvHhaOmSiET\n2sqTP4MJQ3fBO/6tsODdV27j5XXsJuHbJHMRVSehx72wj4ScRdXgWIHwkyfUa+VL\ng35fZSlFa6v6axdO38FPvdW2TbwCIyVm9OaTFqTsKC/+JRpH26WMRMQDywNLkE8r\ng0hUVvK0POBGbrRhAOfBSe9xwEtmpvaRjSLryJThup6mkFsbqBtTu8l+0j4XkL1X\nPIAG3n2uovCjul+EY8LWzMnlIVvxeX8KWlfMzSox01pFXsrpDMN8Yj0X8RfyftU3\ngTpBAoIBAGT4R2VdADYa9MEfNLqMQmgOEdtmIjT+NROzHmJ/XX93Nrexj+9ptWHx\nAVsk63S3YSil9g06C6bOsOGRN3fa3rnngylaG+bPphhlpPlYk3O201kNFnyuuT4M\ntmsb4hKAU11qA3peaHOchOpvhn4wp16rHGg7WpIQNae1HQ1sXS3CcyGOMwc+DuJ+\n9/Mu4DE8KC9Wf1TgGJqAqhNZCyysyJ9YKMWleLLEjCEb5VxI9EIEKvzo/z2IfGnT\nsz8XiviE861gBvYSec8Sq7UpWve2dycnTuNu4EUMMBJwSYkz/IExWBtBV/BdoaMH\n2J3r7nN2rYxpiG7om4pYCFVtzP2MGKk=\n-----END PRIVATE KEY-----\n",
            "public_key_fingerprint_md5": "de:4f:4f:07:02:71:16:37:7c:0e:46:23:a2:67:7c:c3",
            "public_key_fingerprint_sha256": "SHA256:38jASVuJEVxEUuUGDYg7Zl/329TaXzomXxSEebw56KI",
            "public_key_openssh": "ssh-rsa AAAAB3NzaC1yc2EAAAADAQABAAACAQCz8eTFu7/1hEW8c4BVw0V9FBheU9NkD0P8uEaA0z/QhOc8jM2K2xvuQqHBO1NRzq46kB+3LKGFrZ8/9d6hv/Uq7aJumi2eDW4hrm9xclA3sgSWi6S7g/W9DbUJwZYZ96wlLbx8HFsa1DOx3YSv8dUQUgwsOGxQS0SUpp/NKMBvFk94DMjzEhr+wuY9rV1MQL9tI0XKvfkhZTBzl5vhkQgLIRI2pYlglu+Ce00Aq5JUZjJlPrWPo2/59hB1vgeJe/DAncerz861am9RJmnnDF835qFUdT9RL90fDxI7O6oiIMBYejlH3p9DIznsgytOk3i8KfH0fpSDxPRYA+hcpxgE5LGlZOIR7VoSZJer4OIdZd1/v0Bs3lOGL2HC4r8ylsbln19+HuNFR9GLC2SQBGs4Ufke+rVMHC/k7+t7fFIXtEDyHC0ddBd0oJGVGLoHfcU4STaWqYmRlKIr84/NGQA0CdEJ1pKpvXo6DFK0gDEk0h2rd2v2gSSRlw3let5Vzy+hgLEa36D1rKehgATrnmSZCJuhGr9iNyFSZnC94UkBjwHvBCEyiKx2avfxGh2r05xjo4reBQb20OXpWlEh6t1yGb6nuK05wm/7hZRjysBLwXdoB7eAc/QkU55NVOh0jnl81cI2pGBWNbppWz2doUpN81pwwQ4BtPW9xyvnfti46Q==\n",
            "public_key_pem": "-----BEGIN PUBLIC KEY-----\nMIICIjANBgkqhkiG9w0BAQEFAAOCAg8AMIICCgKCAgEAs/Hkxbu/9YRFvHOAVcNF\nfRQYXlPTZA9D/LhGgNM/0ITnPIzNitsb7kKhwTtTUc6uOpAftyyhha2fP/Xeob/1\nKu2ibpotng1uIa5vcXJQN7IElouku4P1vQ21CcGWGfesJS28fBxbGtQzsd2Er/HV\nEFIMLDhsUEtElKafzSjAbxZPeAzI8xIa/sLmPa1dTEC/bSNFyr35IWUwc5eb4ZEI\nCyESNqWJYJbvgntNAKuSVGYyZT61j6Nv+fYQdb4HiXvwwJ3Hq8/OtWpvUSZp5wxf\nN+ahVHU/US/dHw8SOzuqIiDAWHo5R96fQyM57IMrTpN4vCnx9H6Ug8T0WAPoXKcY\nBOSxpWTiEe1aEmSXq+DiHWXdf79AbN5Thi9hwuK/MpbG5Z9ffh7jRUfRiwtkkARr\nOFH5Hvq1TBwv5O/re3xSF7RA8hwtHXQXdKCRlRi6B33FOEk2lqmJkZSiK/OPzRkA\nNAnRCdaSqb16OgxStIAxJNIdq3dr9oEkkZcN5XreVc8voYCxGt+g9aynoYAE655k\nmQiboRq/YjchUmZwveFJAY8B7wQhMoisdmr38Rodq9OcY6OK3gUG9tDl6VpRIerd\nchm+p7itOcJv+4WUY8rAS8F3aAe3gHP0JFOeTVTodI55fNXCNqRgVjW6aVs9naFK\nTfNacMEOAbT1vccr537YuOkCAwEAAQ==\n-----END PUBLIC KEY-----\n",
            "rsa_bits": 4096
          },
          "sensitive_attributes": []
        }
      ]
    }
  ],
  "check_results": null
}
